
Microsoft Visual Studio Solution File, Format Version 12.00
# Visual Studio 15
VisualStudioVersion = 15.0.27703.2035
MinimumVisualStudioVersion = 10.0.40219.1
Project("{FAE04EC0-301F-11D3-BF4B-00C04F79EFBC}") = "Sonarr_ZIP_Manager", "Sonarr_ZIP_Manager\Sonarr_ZIP_Manager.csproj", "{16314A7F-79CF-4189-BF0D-80445A177253}"
EndProject
Global
	GlobalSection(SolutionConfigurationPlatforms) = preSolution
		Debug|Any CPU = Debug|Any CPU
		Release|Any CPU = Release|Any CPU
	EndGlobalSection
	GlobalSection(ProjectConfigurationPlatforms) = postSolution
		{16314A7F-79CF-4189-BF0D-80445A177253}.Debug|Any CPU.ActiveCfg = Debug|Any CPU
		{16314A7F-79CF-4189-BF0D-80445A177253}.Debug|Any CPU.Build.0 = Debug|Any CPU
		{16314A7F-79CF-4189-BF0D-80445A177253}.Release|Any CPU.ActiveCfg = Release|Any CPU
		{16314A7F-79CF-4189-BF0D-80445A177253}.Release|Any CPU.Build.0 = Release|Any CPU
	EndGlobalSection
	GlobalSection(SolutionProperties) = preSolution
		HideSolutionNode = FALSE
	EndGlobalSection
	GlobalSection(ExtensibilityGlobals) = postSolution
		SolutionGuid = {79AE7C2A-6FD4-4C8D-8B9E-CA70D4907606}
	EndGlobalSection
EndGlobal
